
Microsoft Visual Studio Solution File, Format Version 12.00
# Visual Studio Version 16
VisualStudioVersion = 16.0.31624.102
MinimumVisualStudioVersion = 10.0.40219.1
Project("{FAE04EC0-301F-11D3-BF4B-00C04F79EFBC}") = "2_1_3", "2_1_3\2_1_3.csproj", "{FC099899-10C4-4FEA-B29D-AA253559C962}"
EndProject
Global
	GlobalSection(SolutionConfigurationPlatforms) = preSolution
		Debug|Any CPU = Debug|Any CPU
		Release|Any CPU = Release|Any CPU
	EndGlobalSection
	GlobalSection(ProjectConfigurationPlatforms) = postSolution
		{FC099899-10C4-4FEA-B29D-AA253559C962}.Debug|Any CPU.ActiveCfg = Debug|Any CPU
		{FC099899-10C4-4FEA-B29D-AA253559C962}.Debug|Any CPU.Build.0 = Debug|Any CPU
		{FC099899-10C4-4FEA-B29D-AA253559C962}.Release|Any CPU.ActiveCfg = Release|Any CPU
		{FC099899-10C4-4FEA-B29D-AA253559C962}.Release|Any CPU.Build.0 = Release|Any CPU
	EndGlobalSection
	GlobalSection(SolutionProperties) = preSolution
		HideSolutionNode = FALSE
	EndGlobalSection
	GlobalSection(ExtensibilityGlobals) = postSolution
		SolutionGuid = {4F41AA6F-1E4C-41C4-9DB0-5DD3324C9744}
	EndGlobalSection
EndGlobal
